
Microsoft Visual Studio Solution File, Format Version 12.00
# Visual Studio Version 17
VisualStudioVersion = 17.10.34902.84
MinimumVisualStudioVersion = 10.0.40219.1
Project("{FAE04EC0-301F-11D3-BF4B-00C04F79EFBC}") = "MinimalAPI", "MinimalAPI\MinimalAPI.csproj", "{6E2C4F02-6E62-4368-9E1D-3DCF10031756}"
EndProject
Global
	GlobalSection(SolutionConfigurationPlatforms) = preSolution
		Debug|Any CPU = Debug|Any CPU
		Release|Any CPU = Release|Any CPU
	EndGlobalSection
	GlobalSection(ProjectConfigurationPlatforms) = postSolution
		{6E2C4F02-6E62-4368-9E1D-3DCF10031756}.Debug|Any CPU.ActiveCfg = Debug|Any CPU
		{6E2C4F02-6E62-4368-9E1D-3DCF10031756}.Debug|Any CPU.Build.0 = Debug|Any CPU
		{6E2C4F02-6E62-4368-9E1D-3DCF10031756}.Release|Any CPU.ActiveCfg = Release|Any CPU
		{6E2C4F02-6E62-4368-9E1D-3DCF10031756}.Release|Any CPU.Build.0 = Release|Any CPU
	EndGlobalSection
	GlobalSection(SolutionProperties) = preSolution
		HideSolutionNode = FALSE
	EndGlobalSection
	GlobalSection(ExtensibilityGlobals) = postSolution
		SolutionGuid = {2FE9B3DE-64B9-4F55-8DE6-CA4DFCB3B4D0}
	EndGlobalSection
EndGlobal
