
Microsoft Visual Studio Solution File, Format Version 12.00
# Visual Studio Version 17
VisualStudioVersion = 17.8.34601.278
MinimumVisualStudioVersion = 10.0.40219.1
Project("{FAE04EC0-301F-11D3-BF4B-00C04F79EFBC}") = "Aula1", "Aula1\Aula1.csproj", "{B0EA8CFC-73EF-4DC0-BE02-11C6D641539B}"
EndProject
Global
	GlobalSection(SolutionConfigurationPlatforms) = preSolution
		Debug|Any CPU = Debug|Any CPU
		Release|Any CPU = Release|Any CPU
	EndGlobalSection
	GlobalSection(ProjectConfigurationPlatforms) = postSolution
		{B0EA8CFC-73EF-4DC0-BE02-11C6D641539B}.Debug|Any CPU.ActiveCfg = Debug|Any CPU
		{B0EA8CFC-73EF-4DC0-BE02-11C6D641539B}.Debug|Any CPU.Build.0 = Debug|Any CPU
		{B0EA8CFC-73EF-4DC0-BE02-11C6D641539B}.Release|Any CPU.ActiveCfg = Release|Any CPU
		{B0EA8CFC-73EF-4DC0-BE02-11C6D641539B}.Release|Any CPU.Build.0 = Release|Any CPU
	EndGlobalSection
	GlobalSection(SolutionProperties) = preSolution
		HideSolutionNode = FALSE
	EndGlobalSection
	GlobalSection(ExtensibilityGlobals) = postSolution
		SolutionGuid = {8D8337CA-4CF8-48D6-B6BB-769A3866D18C}
	EndGlobalSection
EndGlobal
