
Microsoft Visual Studio Solution File, Format Version 12.00
# Visual Studio Version 17
VisualStudioVersion = 17.9.34728.123
MinimumVisualStudioVersion = 10.0.40219.1
Project("{FAE04EC0-301F-11D3-BF4B-00C04F79EFBC}") = "Loja", "Loja\Loja.csproj", "{7DBF1A96-77AB-4CC6-9452-CAD38F83ABAE}"
EndProject
Global
	GlobalSection(SolutionConfigurationPlatforms) = preSolution
		Debug|Any CPU = Debug|Any CPU
		Release|Any CPU = Release|Any CPU
	EndGlobalSection
	GlobalSection(ProjectConfigurationPlatforms) = postSolution
		{7DBF1A96-77AB-4CC6-9452-CAD38F83ABAE}.Debug|Any CPU.ActiveCfg = Debug|Any CPU
		{7DBF1A96-77AB-4CC6-9452-CAD38F83ABAE}.Debug|Any CPU.Build.0 = Debug|Any CPU
		{7DBF1A96-77AB-4CC6-9452-CAD38F83ABAE}.Release|Any CPU.ActiveCfg = Release|Any CPU
		{7DBF1A96-77AB-4CC6-9452-CAD38F83ABAE}.Release|Any CPU.Build.0 = Release|Any CPU
	EndGlobalSection
	GlobalSection(SolutionProperties) = preSolution
		HideSolutionNode = FALSE
	EndGlobalSection
	GlobalSection(ExtensibilityGlobals) = postSolution
		SolutionGuid = {6E9D8799-FA79-480C-A67B-3970068A858B}
	EndGlobalSection
EndGlobal
