
Microsoft Visual Studio Solution File, Format Version 12.00
# Visual Studio Version 17
VisualStudioVersion = 17.9.34728.123
MinimumVisualStudioVersion = 10.0.40219.1
Project("{FAE04EC0-301F-11D3-BF4B-00C04F79EFBC}") = "Loja", "Loja\Loja.csproj", "{9B0AA05A-B4A7-4011-AB42-6CA3C91ECDF7}"
EndProject
Global
	GlobalSection(SolutionConfigurationPlatforms) = preSolution
		Debug|Any CPU = Debug|Any CPU
		Release|Any CPU = Release|Any CPU
	EndGlobalSection
	GlobalSection(ProjectConfigurationPlatforms) = postSolution
		{9B0AA05A-B4A7-4011-AB42-6CA3C91ECDF7}.Debug|Any CPU.ActiveCfg = Debug|Any CPU
		{9B0AA05A-B4A7-4011-AB42-6CA3C91ECDF7}.Debug|Any CPU.Build.0 = Debug|Any CPU
		{9B0AA05A-B4A7-4011-AB42-6CA3C91ECDF7}.Release|Any CPU.ActiveCfg = Release|Any CPU
		{9B0AA05A-B4A7-4011-AB42-6CA3C91ECDF7}.Release|Any CPU.Build.0 = Release|Any CPU
	EndGlobalSection
	GlobalSection(SolutionProperties) = preSolution
		HideSolutionNode = FALSE
	EndGlobalSection
	GlobalSection(ExtensibilityGlobals) = postSolution
		SolutionGuid = {B3A8CBB4-2CDA-4378-90CB-21C56B8B42AA}
	EndGlobalSection
EndGlobal
