
Microsoft Visual Studio Solution File, Format Version 12.00
# Visual Studio Version 17
VisualStudioVersion = 17.9.34728.123
MinimumVisualStudioVersion = 10.0.40219.1
Project("{FAE04EC0-301F-11D3-BF4B-00C04F79EFBC}") = "NavegacaoBasica", "NavegacaoBasica\NavegacaoBasica.csproj", "{68C3E2F1-2EE1-41BF-AA6D-7CF7D5CB5F41}"
EndProject
Global
	GlobalSection(SolutionConfigurationPlatforms) = preSolution
		Debug|Any CPU = Debug|Any CPU
		Release|Any CPU = Release|Any CPU
	EndGlobalSection
	GlobalSection(ProjectConfigurationPlatforms) = postSolution
		{68C3E2F1-2EE1-41BF-AA6D-7CF7D5CB5F41}.Debug|Any CPU.ActiveCfg = Debug|Any CPU
		{68C3E2F1-2EE1-41BF-AA6D-7CF7D5CB5F41}.Debug|Any CPU.Build.0 = Debug|Any CPU
		{68C3E2F1-2EE1-41BF-AA6D-7CF7D5CB5F41}.Release|Any CPU.ActiveCfg = Release|Any CPU
		{68C3E2F1-2EE1-41BF-AA6D-7CF7D5CB5F41}.Release|Any CPU.Build.0 = Release|Any CPU
	EndGlobalSection
	GlobalSection(SolutionProperties) = preSolution
		HideSolutionNode = FALSE
	EndGlobalSection
	GlobalSection(ExtensibilityGlobals) = postSolution
		SolutionGuid = {DF65F001-C116-4FA4-AB21-61C99FC9C0E5}
	EndGlobalSection
EndGlobal
