
Microsoft Visual Studio Solution File, Format Version 12.00
# Visual Studio Version 17
VisualStudioVersion = 17.9.34728.123
MinimumVisualStudioVersion = 10.0.40219.1
Project("{FAE04EC0-301F-11D3-BF4B-00C04F79EFBC}") = "TMDBApi", "TMDBApi\TMDBApi.csproj", "{74F7F976-A35D-4B8B-8076-91810F04BC56}"
EndProject
Global
	GlobalSection(SolutionConfigurationPlatforms) = preSolution
		Debug|Any CPU = Debug|Any CPU
		Release|Any CPU = Release|Any CPU
	EndGlobalSection
	GlobalSection(ProjectConfigurationPlatforms) = postSolution
		{74F7F976-A35D-4B8B-8076-91810F04BC56}.Debug|Any CPU.ActiveCfg = Debug|Any CPU
		{74F7F976-A35D-4B8B-8076-91810F04BC56}.Debug|Any CPU.Build.0 = Debug|Any CPU
		{74F7F976-A35D-4B8B-8076-91810F04BC56}.Release|Any CPU.ActiveCfg = Release|Any CPU
		{74F7F976-A35D-4B8B-8076-91810F04BC56}.Release|Any CPU.Build.0 = Release|Any CPU
	EndGlobalSection
	GlobalSection(SolutionProperties) = preSolution
		HideSolutionNode = FALSE
	EndGlobalSection
	GlobalSection(ExtensibilityGlobals) = postSolution
		SolutionGuid = {E358C03A-E260-4255-9274-177552BA2292}
	EndGlobalSection
EndGlobal
