
Microsoft Visual Studio Solution File, Format Version 12.00
# Visual Studio Version 17
VisualStudioVersion = 17.9.34728.123
MinimumVisualStudioVersion = 10.0.40219.1
Project("{FAE04EC0-301F-11D3-BF4B-00C04F79EFBC}") = "MVCSemTopLevel", "MVCSemTopLevel\MVCSemTopLevel.csproj", "{4DF300CC-D596-4D7B-A9C5-31580A1369F5}"
EndProject
Project("{FAE04EC0-301F-11D3-BF4B-00C04F79EFBC}") = "MVCComTopLevel", "MVCComTopLevel\MVCComTopLevel.csproj", "{424DACB8-6140-4AB6-95CD-18A2D55BF93B}"
EndProject
Global
	GlobalSection(SolutionConfigurationPlatforms) = preSolution
		Debug|Any CPU = Debug|Any CPU
		Release|Any CPU = Release|Any CPU
	EndGlobalSection
	GlobalSection(ProjectConfigurationPlatforms) = postSolution
		{4DF300CC-D596-4D7B-A9C5-31580A1369F5}.Debug|Any CPU.ActiveCfg = Debug|Any CPU
		{4DF300CC-D596-4D7B-A9C5-31580A1369F5}.Debug|Any CPU.Build.0 = Debug|Any CPU
		{4DF300CC-D596-4D7B-A9C5-31580A1369F5}.Release|Any CPU.ActiveCfg = Release|Any CPU
		{4DF300CC-D596-4D7B-A9C5-31580A1369F5}.Release|Any CPU.Build.0 = Release|Any CPU
		{424DACB8-6140-4AB6-95CD-18A2D55BF93B}.Debug|Any CPU.ActiveCfg = Debug|Any CPU
		{424DACB8-6140-4AB6-95CD-18A2D55BF93B}.Debug|Any CPU.Build.0 = Debug|Any CPU
		{424DACB8-6140-4AB6-95CD-18A2D55BF93B}.Release|Any CPU.ActiveCfg = Release|Any CPU
		{424DACB8-6140-4AB6-95CD-18A2D55BF93B}.Release|Any CPU.Build.0 = Release|Any CPU
	EndGlobalSection
	GlobalSection(SolutionProperties) = preSolution
		HideSolutionNode = FALSE
	EndGlobalSection
	GlobalSection(ExtensibilityGlobals) = postSolution
		SolutionGuid = {7F34A95B-370E-457D-B03F-DDAA5771F984}
	EndGlobalSection
EndGlobal
